{
  "object": {
    "pins": [
      {
        "package": "ASCollectionView",
        "repositoryURL": "https://github.com/apptekstudios/ASCollectionView",
        "state": {
          "branch": "v1.8.0WIP",
          "revision": "b038490c5ec4fd1a67f17ac7777905c8c5c82d92",
          "version": null
        }
      },
      {
        "package": "DifferenceKit",
        "repositoryURL": "https://github.com/ra1028/DifferenceKit",
        "state": {
          "branch": null,
          "revision": "14c66681e12a38b81045f44c6c29724a0d4b0e72",
          "version": "1.1.5"
        }
      },
      {
        "package": "iTextField",
        "repositoryURL": "https://github.com/benjaminsage/iTextField",
        "state": {
          "branch": null,
          "revision": "0a4c9bea12d40873d148fbc3cac648be12f79718",
          "version": "0.0.3"
        }
      }
    ]
  },
  "version": 1
}
